
Microsoft Visual Studio Solution File, Format Version 12.00
# Visual Studio 15
VisualStudioVersion = 15.0.27703.2035
MinimumVisualStudioVersion = 10.0.40219.1
Project("{9A19103F-16F7-4668-BE54-9A1E7A4F7556}") = "WEBAPINETCORE", "WEBAPINETCORE\WEBAPINETCORE.csproj", "{8957691B-406C-435B-8A21-3C644148E0E6}"
EndProject
Project("{FAE04EC0-301F-11D3-BF4B-00C04F79EFBC}") = "DataContext", "DataAccess\DataContext.csproj", "{9C477363-5FCD-452B-A23E-65D4A5BDC8F6}"
EndProject
Project("{FAE04EC0-301F-11D3-BF4B-00C04F79EFBC}") = "DataAccessRepo", "DataAccessRepo\DataAccessRepo.csproj", "{D959DCF1-2264-406F-9E99-6F478CB5054A}"
EndProject
Project("{FAE04EC0-301F-11D3-BF4B-00C04F79EFBC}") = "Domain", "Domain\Domain.csproj", "{F3FFF655-2D85-499A-AC3E-CEFF1DBD3AFB}"
EndProject
Global
	GlobalSection(SolutionConfigurationPlatforms) = preSolution
		Debug|Any CPU = Debug|Any CPU
		Release|Any CPU = Release|Any CPU
	EndGlobalSection
	GlobalSection(ProjectConfigurationPlatforms) = postSolution
		{8957691B-406C-435B-8A21-3C644148E0E6}.Debug|Any CPU.ActiveCfg = Debug|Any CPU
		{8957691B-406C-435B-8A21-3C644148E0E6}.Debug|Any CPU.Build.0 = Debug|Any CPU
		{8957691B-406C-435B-8A21-3C644148E0E6}.Release|Any CPU.ActiveCfg = Release|Any CPU
		{8957691B-406C-435B-8A21-3C644148E0E6}.Release|Any CPU.Build.0 = Release|Any CPU
		{9C477363-5FCD-452B-A23E-65D4A5BDC8F6}.Debug|Any CPU.ActiveCfg = Debug|Any CPU
		{9C477363-5FCD-452B-A23E-65D4A5BDC8F6}.Debug|Any CPU.Build.0 = Debug|Any CPU
		{9C477363-5FCD-452B-A23E-65D4A5BDC8F6}.Release|Any CPU.ActiveCfg = Release|Any CPU
		{9C477363-5FCD-452B-A23E-65D4A5BDC8F6}.Release|Any CPU.Build.0 = Release|Any CPU
		{D959DCF1-2264-406F-9E99-6F478CB5054A}.Debug|Any CPU.ActiveCfg = Debug|Any CPU
		{D959DCF1-2264-406F-9E99-6F478CB5054A}.Debug|Any CPU.Build.0 = Debug|Any CPU
		{D959DCF1-2264-406F-9E99-6F478CB5054A}.Release|Any CPU.ActiveCfg = Release|Any CPU
		{D959DCF1-2264-406F-9E99-6F478CB5054A}.Release|Any CPU.Build.0 = Release|Any CPU
		{F3FFF655-2D85-499A-AC3E-CEFF1DBD3AFB}.Debug|Any CPU.ActiveCfg = Debug|Any CPU
		{F3FFF655-2D85-499A-AC3E-CEFF1DBD3AFB}.Debug|Any CPU.Build.0 = Debug|Any CPU
		{F3FFF655-2D85-499A-AC3E-CEFF1DBD3AFB}.Release|Any CPU.ActiveCfg = Release|Any CPU
		{F3FFF655-2D85-499A-AC3E-CEFF1DBD3AFB}.Release|Any CPU.Build.0 = Release|Any CPU
	EndGlobalSection
	GlobalSection(SolutionProperties) = preSolution
		HideSolutionNode = FALSE
	EndGlobalSection
	GlobalSection(ExtensibilityGlobals) = postSolution
		SolutionGuid = {D352B588-53E5-48FE-9F61-ABACEA974897}
	EndGlobalSection
EndGlobal
